
Microsoft Visual Studio Solution File, Format Version 12.00
# Visual Studio Version 17
VisualStudioVersion = 17.1.32421.90
MinimumVisualStudioVersion = 10.0.40219.1
Project("{FAE04EC0-301F-11D3-BF4B-00C04F79EFBC}") = "GitActions.API", "GitActions.API\GitActions.API.csproj", "{8778596F-E3B9-4DB7-A8E2-57ACE47638FB}"
EndProject
Project("{2150E333-8FDC-42A3-9474-1A3956D46DE8}") = "git", "git", "{298A38AF-BA3F-446D-8FF6-4772668CAF20}"
EndProject
Global
	GlobalSection(SolutionConfigurationPlatforms) = preSolution
		Debug|Any CPU = Debug|Any CPU
		Release|Any CPU = Release|Any CPU
	EndGlobalSection
	GlobalSection(ProjectConfigurationPlatforms) = postSolution
		{8778596F-E3B9-4DB7-A8E2-57ACE47638FB}.Debug|Any CPU.ActiveCfg = Debug|Any CPU
		{8778596F-E3B9-4DB7-A8E2-57ACE47638FB}.Debug|Any CPU.Build.0 = Debug|Any CPU
		{8778596F-E3B9-4DB7-A8E2-57ACE47638FB}.Release|Any CPU.ActiveCfg = Release|Any CPU
		{8778596F-E3B9-4DB7-A8E2-57ACE47638FB}.Release|Any CPU.Build.0 = Release|Any CPU
	EndGlobalSection
	GlobalSection(SolutionProperties) = preSolution
		HideSolutionNode = FALSE
	EndGlobalSection
	GlobalSection(ExtensibilityGlobals) = postSolution
		SolutionGuid = {C3A2A8B1-9CB1-4FDC-B23F-F952BBB7EE10}
	EndGlobalSection
EndGlobal
